
Microsoft Visual Studio Solution File, Format Version 12.00
# Visual Studio 15
VisualStudioVersion = 15.0.27130.2010
MinimumVisualStudioVersion = 10.0.40219.1
Project("{F184B08F-C81C-45F6-A57F-5ABD9991F28F}") = "FirstGame", "FirstGame\FirstGame.vbproj", "{3A21FFB5-8B68-4965-8A35-C2E49FFE90DB}"
EndProject
Global
	GlobalSection(SolutionConfigurationPlatforms) = preSolution
		Debug|Any CPU = Debug|Any CPU
		Release|Any CPU = Release|Any CPU
	EndGlobalSection
	GlobalSection(ProjectConfigurationPlatforms) = postSolution
		{3A21FFB5-8B68-4965-8A35-C2E49FFE90DB}.Debug|Any CPU.ActiveCfg = Debug|Any CPU
		{3A21FFB5-8B68-4965-8A35-C2E49FFE90DB}.Debug|Any CPU.Build.0 = Debug|Any CPU
		{3A21FFB5-8B68-4965-8A35-C2E49FFE90DB}.Release|Any CPU.ActiveCfg = Release|Any CPU
		{3A21FFB5-8B68-4965-8A35-C2E49FFE90DB}.Release|Any CPU.Build.0 = Release|Any CPU
	EndGlobalSection
	GlobalSection(SolutionProperties) = preSolution
		HideSolutionNode = FALSE
	EndGlobalSection
	GlobalSection(ExtensibilityGlobals) = postSolution
		SolutionGuid = {83ED097C-4B2F-4673-9957-AE57B64A7AE7}
	EndGlobalSection
EndGlobal
